<Solution>
  <Folder Name="/Contracts/">
    <Project Path="Contracts\Contracts.AvaloniaUI\Contracts.AvaloniaUI.csproj" />
    <Project Path="Contracts\Contracts.BusinessLogic\Contracts.BusinessLogic.csproj" />
  </Folder>
  <Folder Name="/Tests/">
    <Project Path="Tests/Contracts.Tests/Contracts.Tests.csproj" />
  </Folder>
</Solution>